
Microsoft Visual Studio Solution File, Format Version 12.00
# Visual Studio Version 17
VisualStudioVersion = 17.5.33516.290
MinimumVisualStudioVersion = 10.0.40219.1
Project("{9A19103F-16F7-4668-BE54-9A1E7A4F7556}") = "csharp-gestore-eventi", "csharp-gestore-eventi.csproj", "{1151D79C-CE6B-4FB6-A8AE-6633E80296D3}"
EndProject
Project("{2150E333-8FDC-42A3-9474-1A3956D46DE8}") = "Elementi di soluzione", "Elementi di soluzione", "{8469A634-6C9A-4F77-AF83-875327FB84C7}"
	ProjectSection(SolutionItems) = preProject
		Evento.cs = Evento.cs
		Exceptions.cs = Exceptions.cs
		ProgrammaEventi.cs = ProgrammaEventi.cs
	EndProjectSection
EndProject
Global
	GlobalSection(SolutionConfigurationPlatforms) = preSolution
		Debug|Any CPU = Debug|Any CPU
		Release|Any CPU = Release|Any CPU
	EndGlobalSection
	GlobalSection(ProjectConfigurationPlatforms) = postSolution
		{1151D79C-CE6B-4FB6-A8AE-6633E80296D3}.Debug|Any CPU.ActiveCfg = Debug|Any CPU
		{1151D79C-CE6B-4FB6-A8AE-6633E80296D3}.Debug|Any CPU.Build.0 = Debug|Any CPU
		{1151D79C-CE6B-4FB6-A8AE-6633E80296D3}.Release|Any CPU.ActiveCfg = Release|Any CPU
		{1151D79C-CE6B-4FB6-A8AE-6633E80296D3}.Release|Any CPU.Build.0 = Release|Any CPU
	EndGlobalSection
	GlobalSection(SolutionProperties) = preSolution
		HideSolutionNode = FALSE
	EndGlobalSection
	GlobalSection(ExtensibilityGlobals) = postSolution
		SolutionGuid = {FF2683BD-E21A-4690-9F6F-C68BD27F25B0}
	EndGlobalSection
EndGlobal
